
Microsoft Visual Studio Solution File, Format Version 12.00
# Visual Studio Version 16
VisualStudioVersion = 16.0.32002.261
MinimumVisualStudioVersion = 10.0.40219.1
Project("{FAE04EC0-301F-11D3-BF4B-00C04F79EFBC}") = "AppMvcCompleta", "src\AppMvcCompleta\AppMvcCompleta.csproj", "{635271D8-9331-490D-879E-841E3DC6E16E}"
EndProject
Project("{FAE04EC0-301F-11D3-BF4B-00C04F79EFBC}") = "DevIO.Business", "src\DevIO.Business\DevIO.Business.csproj", "{8119B2FE-E95E-460D-BB87-4FBEA87D6FD9}"
EndProject
Project("{FAE04EC0-301F-11D3-BF4B-00C04F79EFBC}") = "DevIO.Data", "src\DevIO.Data\DevIO.Data.csproj", "{65232542-158F-487B-8FE0-35B619D561C6}"
EndProject
Global
	GlobalSection(SolutionConfigurationPlatforms) = preSolution
		Debug|Any CPU = Debug|Any CPU
		Release|Any CPU = Release|Any CPU
	EndGlobalSection
	GlobalSection(ProjectConfigurationPlatforms) = postSolution
		{635271D8-9331-490D-879E-841E3DC6E16E}.Debug|Any CPU.ActiveCfg = Debug|Any CPU
		{635271D8-9331-490D-879E-841E3DC6E16E}.Debug|Any CPU.Build.0 = Debug|Any CPU
		{635271D8-9331-490D-879E-841E3DC6E16E}.Release|Any CPU.ActiveCfg = Release|Any CPU
		{635271D8-9331-490D-879E-841E3DC6E16E}.Release|Any CPU.Build.0 = Release|Any CPU
		{8119B2FE-E95E-460D-BB87-4FBEA87D6FD9}.Debug|Any CPU.ActiveCfg = Debug|Any CPU
		{8119B2FE-E95E-460D-BB87-4FBEA87D6FD9}.Debug|Any CPU.Build.0 = Debug|Any CPU
		{8119B2FE-E95E-460D-BB87-4FBEA87D6FD9}.Release|Any CPU.ActiveCfg = Release|Any CPU
		{8119B2FE-E95E-460D-BB87-4FBEA87D6FD9}.Release|Any CPU.Build.0 = Release|Any CPU
		{65232542-158F-487B-8FE0-35B619D561C6}.Debug|Any CPU.ActiveCfg = Debug|Any CPU
		{65232542-158F-487B-8FE0-35B619D561C6}.Debug|Any CPU.Build.0 = Debug|Any CPU
		{65232542-158F-487B-8FE0-35B619D561C6}.Release|Any CPU.ActiveCfg = Release|Any CPU
		{65232542-158F-487B-8FE0-35B619D561C6}.Release|Any CPU.Build.0 = Release|Any CPU
	EndGlobalSection
	GlobalSection(SolutionProperties) = preSolution
		HideSolutionNode = FALSE
	EndGlobalSection
	GlobalSection(ExtensibilityGlobals) = postSolution
		SolutionGuid = {DFF0AB0D-C398-4576-A658-10FCB3DF71EC}
	EndGlobalSection
EndGlobal
